
Microsoft Visual Studio Solution File, Format Version 12.00
# Visual Studio Version 17
VisualStudioVersion = 17.10.35027.167
MinimumVisualStudioVersion = 10.0.40219.1
Project("{FAE04EC0-301F-11D3-BF4B-00C04F79EFBC}") = "ExpertCenter.MvcApp", "ExpertCenter.MvcApp\ExpertCenter.MvcApp.csproj", "{07AA741D-25D1-4F6C-ACA8-F9105F883B0B}"
EndProject
Project("{FAE04EC0-301F-11D3-BF4B-00C04F79EFBC}") = "ExpertCenter.DataContext", "ExpertCenter.DataContext\ExpertCenter.DataContext.csproj", "{570CED1D-9BFC-43EB-AF2C-F1D423B49646}"
EndProject
Global
	GlobalSection(SolutionConfigurationPlatforms) = preSolution
		Debug|Any CPU = Debug|Any CPU
		Release|Any CPU = Release|Any CPU
	EndGlobalSection
	GlobalSection(ProjectConfigurationPlatforms) = postSolution
		{07AA741D-25D1-4F6C-ACA8-F9105F883B0B}.Debug|Any CPU.ActiveCfg = Debug|Any CPU
		{07AA741D-25D1-4F6C-ACA8-F9105F883B0B}.Debug|Any CPU.Build.0 = Debug|Any CPU
		{07AA741D-25D1-4F6C-ACA8-F9105F883B0B}.Release|Any CPU.ActiveCfg = Release|Any CPU
		{07AA741D-25D1-4F6C-ACA8-F9105F883B0B}.Release|Any CPU.Build.0 = Release|Any CPU
		{570CED1D-9BFC-43EB-AF2C-F1D423B49646}.Debug|Any CPU.ActiveCfg = Debug|Any CPU
		{570CED1D-9BFC-43EB-AF2C-F1D423B49646}.Debug|Any CPU.Build.0 = Debug|Any CPU
		{570CED1D-9BFC-43EB-AF2C-F1D423B49646}.Release|Any CPU.ActiveCfg = Release|Any CPU
		{570CED1D-9BFC-43EB-AF2C-F1D423B49646}.Release|Any CPU.Build.0 = Release|Any CPU
	EndGlobalSection
	GlobalSection(SolutionProperties) = preSolution
		HideSolutionNode = FALSE
	EndGlobalSection
	GlobalSection(ExtensibilityGlobals) = postSolution
		SolutionGuid = {F8811D65-5602-4A0B-B3AE-9291EEFA403D}
	EndGlobalSection
EndGlobal
